
Microsoft Visual Studio Solution File, Format Version 12.00
# Visual Studio Version 17
VisualStudioVersion = 17.10.35013.160
MinimumVisualStudioVersion = 10.0.40219.1
Project("{FAE04EC0-301F-11D3-BF4B-00C04F79EFBC}") = "Skyline", "Skyline\Skyline.csproj", "{1091AB23-A640-446A-9FA1-668537000E75}"
EndProject
Global
	GlobalSection(SolutionConfigurationPlatforms) = preSolution
		Debug|Any CPU = Debug|Any CPU
		Release|Any CPU = Release|Any CPU
	EndGlobalSection
	GlobalSection(ProjectConfigurationPlatforms) = postSolution
		{1091AB23-A640-446A-9FA1-668537000E75}.Debug|Any CPU.ActiveCfg = Debug|Any CPU
		{1091AB23-A640-446A-9FA1-668537000E75}.Debug|Any CPU.Build.0 = Debug|Any CPU
		{1091AB23-A640-446A-9FA1-668537000E75}.Release|Any CPU.ActiveCfg = Release|Any CPU
		{1091AB23-A640-446A-9FA1-668537000E75}.Release|Any CPU.Build.0 = Release|Any CPU
	EndGlobalSection
	GlobalSection(SolutionProperties) = preSolution
		HideSolutionNode = FALSE
	EndGlobalSection
	GlobalSection(ExtensibilityGlobals) = postSolution
		SolutionGuid = {B265E253-8F9E-40B2-B5DF-4970BC529A1C}
	EndGlobalSection
EndGlobal
